// !$*UTF8*$!
{
	archiveVersion = 1;
	classes = {
	};
	objectVersion = 50;
	objects = {

/* Begin PBXBuildFile section */
		A757C100226E39CE006C9DCD /* PermissionViewController.swift in Sources */ = {isa = PBXBuildFile; fileRef = A757C0FF226E39CE006C9DCD /* PermissionViewController.swift */; };
		A757C106226E5CE5006C9DCD /* camera.jpg in Resources */ = {isa = PBXBuildFile; fileRef = A757C102226E5CE4006C9DCD /* camera.jpg */; };
		A757C107226E5CE5006C9DCD /* location.jpg in Resources */ = {isa = PBXBuildFile; fileRef = A757C103226E5CE5006C9DCD /* location.jpg */; };
		A757C108226E5CE5006C9DCD /* ny_empire_state.jpg in Resources */ = {isa = PBXBuildFile; fileRef = A757C104226E5CE5006C9DCD /* ny_empire_state.jpg */; };
		A757C10C226E8BF5006C9DCD /* LocalizedConstants.swift in Sources */ = {isa = PBXBuildFile; fileRef = A757C10B226E8BF5006C9DCD /* LocalizedConstants.swift */; };
		A757C10E226E9E72006C9DCD /* PermissionButtonView.swift in Sources */ = {isa = PBXBuildFile; fileRef = A757C10D226E9E72006C9DCD /* PermissionButtonView.swift */; };
		A757C110226F1920006C9DCD /* ny_empire_state_alone_blurred.jpg in Resources */ = {isa = PBXBuildFile; fileRef = A757C10F226F1920006C9DCD /* ny_empire_state_alone_blurred.jpg */; };
		A757C113226F1CAD006C9DCD /* placeholder_location.png in Resources */ = {isa = PBXBuildFile; fileRef = A757C111226F1CAD006C9DCD /* placeholder_location.png */; };
		A757C114226F1CAD006C9DCD /* camera_ar.png in Resources */ = {isa = PBXBuildFile; fileRef = A757C112226F1CAD006C9DCD /* camera_ar.png */; };
		A757C116226F1E68006C9DCD /* tick.png in Resources */ = {isa = PBXBuildFile; fileRef = A757C115226F1E68006C9DCD /* tick.png */; };
		A757C118226F1ED6006C9DCD /* corss_ar.png in Resources */ = {isa = PBXBuildFile; fileRef = A757C117226F1ED6006C9DCD /* corss_ar.png */; };
		A757C11B226F2989006C9DCD /* Enums.swift in Sources */ = {isa = PBXBuildFile; fileRef = A757C11A226F2989006C9DCD /* Enums.swift */; };
		A757C11F226F3FA6006C9DCD /* TestViewController.swift in Sources */ = {isa = PBXBuildFile; fileRef = A757C11E226F3FA6006C9DCD /* TestViewController.swift */; };
		A757EA6122720C5000B93A61 /* GoogleApiManager.swift in Sources */ = {isa = PBXBuildFile; fileRef = A757EA6022720C5000B93A61 /* GoogleApiManager.swift */; };
		A757EA6422720CE900B93A61 /* PredictionResult.swift in Sources */ = {isa = PBXBuildFile; fileRef = A757EA6322720CE900B93A61 /* PredictionResult.swift */; };
		A7A785AC226DC954006E8A1D /* MapView.swift in Sources */ = {isa = PBXBuildFile; fileRef = A7A785AB226DC954006E8A1D /* MapView.swift */; };
		A7A785AE226DD112006E8A1D /* MapViewModel.swift in Sources */ = {isa = PBXBuildFile; fileRef = A7A785AD226DD112006E8A1D /* MapViewModel.swift */; };
		A7A785B2226DF2B8006E8A1D /* Localizable.strings in Resources */ = {isa = PBXBuildFile; fileRef = A7A785B4226DF2B8006E8A1D /* Localizable.strings */; };
		A7B4AA3222689FF8007FDE46 /* PermissionManager.swift in Sources */ = {isa = PBXBuildFile; fileRef = A7B4AA3122689FF8007FDE46 /* PermissionManager.swift */; };
		A7B4AA3B2268EE5E007FDE46 /* LocationManager.swift in Sources */ = {isa = PBXBuildFile; fileRef = A7B4AA3A2268EE5E007FDE46 /* LocationManager.swift */; };
		A7B6875A226C520500FF3C21 /* CloudFunctionsManager.swift in Sources */ = {isa = PBXBuildFile; fileRef = A7B68759226C520500FF3C21 /* CloudFunctionsManager.swift */; };
		A7B6875D226C524A00FF3C21 /* PlaceCategory.swift in Sources */ = {isa = PBXBuildFile; fileRef = A7B6875C226C524A00FF3C21 /* PlaceCategory.swift */; };
		A7B68767226DB4BD00FF3C21 /* MapViewController.swift in Sources */ = {isa = PBXBuildFile; fileRef = A7B68766226DB4BD00FF3C21 /* MapViewController.swift */; };
		A7C8B6932267E381002EC9A1 /* AppDelegate.swift in Sources */ = {isa = PBXBuildFile; fileRef = A7C8B6922267E381002EC9A1 /* AppDelegate.swift */; };
		A7C8B69A2267E382002EC9A1 /* Assets.xcassets in Resources */ = {isa = PBXBuildFile; fileRef = A7C8B6992267E382002EC9A1 /* Assets.xcassets */; };
		A7C8B69D2267E382002EC9A1 /* LaunchScreen.storyboard in Resources */ = {isa = PBXBuildFile; fileRef = A7C8B69B2267E382002EC9A1 /* LaunchScreen.storyboard */; };
		A7C8B6AE2267E73E002EC9A1 /* train_station.jpg in Resources */ = {isa = PBXBuildFile; fileRef = A7C8B6AD2267E73E002EC9A1 /* train_station.jpg */; };
		A7C8B6B72267F509002EC9A1 /* Dynamic.swift in Sources */ = {isa = PBXBuildFile; fileRef = A7C8B6B62267F509002EC9A1 /* Dynamic.swift */; };
		A7DAA1642271B13C006DD8FC /* Constants.swift in Sources */ = {isa = PBXBuildFile; fileRef = A7DAA1632271B13C006DD8FC /* Constants.swift */; };
		B0F59866F85EABDABA02BEDC /* Pods_GooglePlacesARBasedApp.framework in Frameworks */ = {isa = PBXBuildFile; fileRef = AC9B356EC3DBBC0198A810AC /* Pods_GooglePlacesARBasedApp.framework */; };
/* End PBXBuildFile section */

/* Begin PBXFileReference section */
		A757C0FF226E39CE006C9DCD /* PermissionViewController.swift */ = {isa = PBXFileReference; lastKnownFileType = sourcecode.swift; path = PermissionViewController.swift; sourceTree = "<group>"; };
		A757C102226E5CE4006C9DCD /* camera.jpg */ = {isa = PBXFileReference; lastKnownFileType = image.jpeg; path = camera.jpg; sourceTree = "<group>"; };
		A757C103226E5CE5006C9DCD /* location.jpg */ = {isa = PBXFileReference; lastKnownFileType = image.jpeg; path = location.jpg; sourceTree = "<group>"; };
		A757C104226E5CE5006C9DCD /* ny_empire_state.jpg */ = {isa = PBXFileReference; lastKnownFileType = image.jpeg; path = ny_empire_state.jpg; sourceTree = "<group>"; };
		A757C10B226E8BF5006C9DCD /* LocalizedConstants.swift */ = {isa = PBXFileReference; lastKnownFileType = sourcecode.swift; path = LocalizedConstants.swift; sourceTree = "<group>"; };
		A757C10D226E9E72006C9DCD /* PermissionButtonView.swift */ = {isa = PBXFileReference; lastKnownFileType = sourcecode.swift; path = PermissionButtonView.swift; sourceTree = "<group>"; };
		A757C10F226F1920006C9DCD /* ny_empire_state_alone_blurred.jpg */ = {isa = PBXFileReference; lastKnownFileType = image.jpeg; path = ny_empire_state_alone_blurred.jpg; sourceTree = "<group>"; };
		A757C111226F1CAD006C9DCD /* placeholder_location.png */ = {isa = PBXFileReference; lastKnownFileType = image.png; path = placeholder_location.png; sourceTree = "<group>"; };
		A757C112226F1CAD006C9DCD /* camera_ar.png */ = {isa = PBXFileReference; lastKnownFileType = image.png; path = camera_ar.png; sourceTree = "<group>"; };
		A757C115226F1E68006C9DCD /* tick.png */ = {isa = PBXFileReference; lastKnownFileType = image.png; path = tick.png; sourceTree = "<group>"; };
		A757C117226F1ED6006C9DCD /* corss_ar.png */ = {isa = PBXFileReference; lastKnownFileType = image.png; path = corss_ar.png; sourceTree = "<group>"; };
		A757C11A226F2989006C9DCD /* Enums.swift */ = {isa = PBXFileReference; lastKnownFileType = sourcecode.swift; path = Enums.swift; sourceTree = "<group>"; };
		A757C11E226F3FA6006C9DCD /* TestViewController.swift */ = {isa = PBXFileReference; lastKnownFileType = sourcecode.swift; path = TestViewController.swift; sourceTree = "<group>"; };
		A757EA6022720C5000B93A61 /* GoogleApiManager.swift */ = {isa = PBXFileReference; lastKnownFileType = sourcecode.swift; path = GoogleApiManager.swift; sourceTree = "<group>"; };
		A757EA6322720CE900B93A61 /* PredictionResult.swift */ = {isa = PBXFileReference; lastKnownFileType = sourcecode.swift; path = PredictionResult.swift; sourceTree = "<group>"; };
		A7A785AB226DC954006E8A1D /* MapView.swift */ = {isa = PBXFileReference; lastKnownFileType = sourcecode.swift; path = MapView.swift; sourceTree = "<group>"; };
		A7A785AD226DD112006E8A1D /* MapViewModel.swift */ = {isa = PBXFileReference; lastKnownFileType = sourcecode.swift; path = MapViewModel.swift; sourceTree = "<group>"; };
		A7A785B3226DF2B8006E8A1D /* en */ = {isa = PBXFileReference; lastKnownFileType = text.plist.strings; name = en; path = en.lproj/Localizable.strings; sourceTree = "<group>"; };
		A7A785B5226DF2D7006E8A1D /* tr */ = {isa = PBXFileReference; lastKnownFileType = text.plist.strings; name = tr; path = tr.lproj/LaunchScreen.strings; sourceTree = "<group>"; };
		A7A785B6226DF2D8006E8A1D /* tr */ = {isa = PBXFileReference; lastKnownFileType = text.plist.strings; name = tr; path = tr.lproj/Localizable.strings; sourceTree = "<group>"; };
		A7B4AA3122689FF8007FDE46 /* PermissionManager.swift */ = {isa = PBXFileReference; lastKnownFileType = sourcecode.swift; path = PermissionManager.swift; sourceTree = "<group>"; };
		A7B4AA3A2268EE5E007FDE46 /* LocationManager.swift */ = {isa = PBXFileReference; lastKnownFileType = sourcecode.swift; path = LocationManager.swift; sourceTree = "<group>"; };
		A7B68759226C520500FF3C21 /* CloudFunctionsManager.swift */ = {isa = PBXFileReference; lastKnownFileType = sourcecode.swift; path = CloudFunctionsManager.swift; sourceTree = "<group>"; };
		A7B6875C226C524A00FF3C21 /* PlaceCategory.swift */ = {isa = PBXFileReference; lastKnownFileType = sourcecode.swift; path = PlaceCategory.swift; sourceTree = "<group>"; };
		A7B68766226DB4BD00FF3C21 /* MapViewController.swift */ = {isa = PBXFileReference; lastKnownFileType = sourcecode.swift; path = MapViewController.swift; sourceTree = "<group>"; };
		A7C8B68F2267E381002EC9A1 /* GooglePlacesARBasedApp.app */ = {isa = PBXFileReference; explicitFileType = wrapper.application; includeInIndex = 0; path = GooglePlacesARBasedApp.app; sourceTree = BUILT_PRODUCTS_DIR; };
		A7C8B6922267E381002EC9A1 /* AppDelegate.swift */ = {isa = PBXFileReference; lastKnownFileType = sourcecode.swift; path = AppDelegate.swift; sourceTree = "<group>"; };
		A7C8B6992267E382002EC9A1 /* Assets.xcassets */ = {isa = PBXFileReference; lastKnownFileType = folder.assetcatalog; path = Assets.xcassets; sourceTree = "<group>"; };
		A7C8B69C2267E382002EC9A1 /* Base */ = {isa = PBXFileReference; lastKnownFileType = file.storyboard; name = Base; path = Base.lproj/LaunchScreen.storyboard; sourceTree = "<group>"; };
		A7C8B69E2267E382002EC9A1 /* Info.plist */ = {isa = PBXFileReference; lastKnownFileType = text.plist.xml; path = Info.plist; sourceTree = "<group>"; };
		A7C8B6AD2267E73E002EC9A1 /* train_station.jpg */ = {isa = PBXFileReference; lastKnownFileType = image.jpeg; path = train_station.jpg; sourceTree = "<group>"; };
		A7C8B6B62267F509002EC9A1 /* Dynamic.swift */ = {isa = PBXFileReference; lastKnownFileType = sourcecode.swift; path = Dynamic.swift; sourceTree = "<group>"; };
		A7DAA1632271B13C006DD8FC /* Constants.swift */ = {isa = PBXFileReference; lastKnownFileType = sourcecode.swift; path = Constants.swift; sourceTree = "<group>"; };
		AC9B356EC3DBBC0198A810AC /* Pods_GooglePlacesARBasedApp.framework */ = {isa = PBXFileReference; explicitFileType = wrapper.framework; includeInIndex = 0; path = Pods_GooglePlacesARBasedApp.framework; sourceTree = BUILT_PRODUCTS_DIR; };
		D3D646E0B07EB060E3737624 /* Pods-GooglePlacesARBasedApp.debug.xcconfig */ = {isa = PBXFileReference; includeInIndex = 1; lastKnownFileType = text.xcconfig; name = "Pods-GooglePlacesARBasedApp.debug.xcconfig"; path = "Pods/Target Support Files/Pods-GooglePlacesARBasedApp/Pods-GooglePlacesARBasedApp.debug.xcconfig"; sourceTree = "<group>"; };
		D7702B1F5E144B046A18CA02 /* Pods-GooglePlacesARBasedApp.release.xcconfig */ = {isa = PBXFileReference; includeInIndex = 1; lastKnownFileType = text.xcconfig; name = "Pods-GooglePlacesARBasedApp.release.xcconfig"; path = "Pods/Target Support Files/Pods-GooglePlacesARBasedApp/Pods-GooglePlacesARBasedApp.release.xcconfig"; sourceTree = "<group>"; };
/* End PBXFileReference section */

/* Begin PBXFrameworksBuildPhase section */
		A7C8B68C2267E381002EC9A1 /* Frameworks */ = {
			isa = PBXFrameworksBuildPhase;
			buildActionMask = 2147483647;
			files = (
				B0F59866F85EABDABA02BEDC /* Pods_GooglePlacesARBasedApp.framework in Frameworks */,
			);
			runOnlyForDeploymentPostprocessing = 0;
		};
/* End PBXFrameworksBuildPhase section */

/* Begin PBXGroup section */
		0EDEEC6F2CC1F5F3D05719B5 /* Pods */ = {
			isa = PBXGroup;
			children = (
				D3D646E0B07EB060E3737624 /* Pods-GooglePlacesARBasedApp.debug.xcconfig */,
				D7702B1F5E144B046A18CA02 /* Pods-GooglePlacesARBasedApp.release.xcconfig */,
			);
			name = Pods;
			sourceTree = "<group>";
		};
		7507BD890BB651735FD6EF54 /* Frameworks */ = {
			isa = PBXGroup;
			children = (
				AC9B356EC3DBBC0198A810AC /* Pods_GooglePlacesARBasedApp.framework */,
			);
			name = Frameworks;
			sourceTree = "<group>";
		};
		A757C109226E8BE1006C9DCD /* SupportFiles */ = {
			isa = PBXGroup;
			children = (
				A757C10A226E8BE8006C9DCD /* Constants */,
			);
			path = SupportFiles;
			sourceTree = "<group>";
		};
		A757C10A226E8BE8006C9DCD /* Constants */ = {
			isa = PBXGroup;
			children = (
				A757C10B226E8BF5006C9DCD /* LocalizedConstants.swift */,
			);
			path = Constants;
			sourceTree = "<group>";
		};
		A757C119226F297F006C9DCD /* Enums */ = {
			isa = PBXGroup;
			children = (
				A757C11A226F2989006C9DCD /* Enums.swift */,
			);
			path = Enums;
			sourceTree = "<group>";
		};
		A757EA5F22720C3500B93A61 /* GoogleApiManager */ = {
			isa = PBXGroup;
			children = (
				A757EA6022720C5000B93A61 /* GoogleApiManager.swift */,
			);
			path = GoogleApiManager;
			sourceTree = "<group>";
		};
		A757EA6222720CDD00B93A61 /* GoogleApiModels */ = {
			isa = PBXGroup;
			children = (
				A757EA6322720CE900B93A61 /* PredictionResult.swift */,
			);
			path = GoogleApiModels;
			sourceTree = "<group>";
		};
		A7B4AA2D22689FD6007FDE46 /* Services */ = {
			isa = PBXGroup;
			children = (
				A757EA5F22720C3500B93A61 /* GoogleApiManager */,
				A7B68758226C51F700FF3C21 /* CloudFunctionsManager */,
				A7B4AA392268EE4E007FDE46 /* LocationManager */,
				A7B4AA2E22689FDC007FDE46 /* PermissionManager */,
			);
			path = Services;
			sourceTree = "<group>";
		};
		A7B4AA2E22689FDC007FDE46 /* PermissionManager */ = {
			isa = PBXGroup;
			children = (
				A7B4AA3122689FF8007FDE46 /* PermissionManager.swift */,
			);
			path = PermissionManager;
			sourceTree = "<group>";
		};
		A7B4AA392268EE4E007FDE46 /* LocationManager */ = {
			isa = PBXGroup;
			children = (
				A7B4AA3A2268EE5E007FDE46 /* LocationManager.swift */,
			);
			path = LocationManager;
			sourceTree = "<group>";
		};
		A7B68758226C51F700FF3C21 /* CloudFunctionsManager */ = {
			isa = PBXGroup;
			children = (
				A7B68759226C520500FF3C21 /* CloudFunctionsManager.swift */,
			);
			path = CloudFunctionsManager;
			sourceTree = "<group>";
		};
		A7B6875B226C523100FF3C21 /* CloudFunctionModels */ = {
			isa = PBXGroup;
			children = (
				A7B6875C226C524A00FF3C21 /* PlaceCategory.swift */,
			);
			path = CloudFunctionModels;
			sourceTree = "<group>";
		};
		A7C8B6862267E381002EC9A1 = {
			isa = PBXGroup;
			children = (
				A7C8B6912267E381002EC9A1 /* GooglePlacesARBasedApp */,
				A7C8B6A92267E4ED002EC9A1 /* Resources */,
				A7C8B6902267E381002EC9A1 /* Products */,
				0EDEEC6F2CC1F5F3D05719B5 /* Pods */,
				7507BD890BB651735FD6EF54 /* Frameworks */,
			);
			sourceTree = "<group>";
		};
		A7C8B6902267E381002EC9A1 /* Products */ = {
			isa = PBXGroup;
			children = (
				A7C8B68F2267E381002EC9A1 /* GooglePlacesARBasedApp.app */,
			);
			name = Products;
			sourceTree = "<group>";
		};
		A7C8B6912267E381002EC9A1 /* GooglePlacesARBasedApp */ = {
			isa = PBXGroup;
			children = (
				A757C109226E8BE1006C9DCD /* SupportFiles */,
				A7B4AA2D22689FD6007FDE46 /* Services */,
				A7C8B6B52267F4FF002EC9A1 /* Utils */,
				A7C8B6A42267E3DD002EC9A1 /* Model */,
				A7C8B6A52267E3E3002EC9A1 /* View */,
				A7C8B6A62267E3E7002EC9A1 /* ViewModel */,
				A7C8B6922267E381002EC9A1 /* AppDelegate.swift */,
				A7C8B6992267E382002EC9A1 /* Assets.xcassets */,
				A7C8B69B2267E382002EC9A1 /* LaunchScreen.storyboard */,
				A7C8B69E2267E382002EC9A1 /* Info.plist */,
				A7A785B4226DF2B8006E8A1D /* Localizable.strings */,
			);
			path = GooglePlacesARBasedApp;
			sourceTree = "<group>";
		};
		A7C8B6A42267E3DD002EC9A1 /* Model */ = {
			isa = PBXGroup;
			children = (
				A757EA6222720CDD00B93A61 /* GoogleApiModels */,
				A7B6875B226C523100FF3C21 /* CloudFunctionModels */,
			);
			path = Model;
			sourceTree = "<group>";
		};
		A7C8B6A52267E3E3002EC9A1 /* View */ = {
			isa = PBXGroup;
			children = (
				A7C8B6A82267E400002EC9A1 /* Controllers */,
				A7C8B6A72267E3FA002EC9A1 /* Views */,
			);
			path = View;
			sourceTree = "<group>";
		};
		A7C8B6A62267E3E7002EC9A1 /* ViewModel */ = {
			isa = PBXGroup;
			children = (
				A7A785AD226DD112006E8A1D /* MapViewModel.swift */,
			);
			path = ViewModel;
			sourceTree = "<group>";
		};
		A7C8B6A72267E3FA002EC9A1 /* Views */ = {
			isa = PBXGroup;
			children = (
				A7A785AB226DC954006E8A1D /* MapView.swift */,
				A757C10D226E9E72006C9DCD /* PermissionButtonView.swift */,
			);
			path = Views;
			sourceTree = "<group>";
		};
		A7C8B6A82267E400002EC9A1 /* Controllers */ = {
			isa = PBXGroup;
			children = (
				A7B68766226DB4BD00FF3C21 /* MapViewController.swift */,
				A757C0FF226E39CE006C9DCD /* PermissionViewController.swift */,
				A757C11E226F3FA6006C9DCD /* TestViewController.swift */,
			);
			path = Controllers;
			sourceTree = "<group>";
		};
		A7C8B6A92267E4ED002EC9A1 /* Resources */ = {
			isa = PBXGroup;
			children = (
				A7C8B6AA2267E685002EC9A1 /* Images */,
			);
			path = Resources;
			sourceTree = "<group>";
		};
		A7C8B6AA2267E685002EC9A1 /* Images */ = {
			isa = PBXGroup;
			children = (
				A7C8B6AD2267E73E002EC9A1 /* train_station.jpg */,
				A757C10F226F1920006C9DCD /* ny_empire_state_alone_blurred.jpg */,
				A757C102226E5CE4006C9DCD /* camera.jpg */,
				A757C103226E5CE5006C9DCD /* location.jpg */,
				A757C104226E5CE5006C9DCD /* ny_empire_state.jpg */,
				A757C112226F1CAD006C9DCD /* camera_ar.png */,
				A757C111226F1CAD006C9DCD /* placeholder_location.png */,
				A757C115226F1E68006C9DCD /* tick.png */,
				A757C117226F1ED6006C9DCD /* corss_ar.png */,
			);
			path = Images;
			sourceTree = "<group>";
		};
		A7C8B6B52267F4FF002EC9A1 /* Utils */ = {
			isa = PBXGroup;
			children = (
				A7DAA1622271B12C006DD8FC /* Constants */,
				A757C119226F297F006C9DCD /* Enums */,
				A7C8B6B62267F509002EC9A1 /* Dynamic.swift */,
			);
			path = Utils;
			sourceTree = "<group>";
		};
		A7DAA1622271B12C006DD8FC /* Constants */ = {
			isa = PBXGroup;
			children = (
				A7DAA1632271B13C006DD8FC /* Constants.swift */,
			);
			path = Constants;
			sourceTree = "<group>";
		};
/* End PBXGroup section */

/* Begin PBXNativeTarget section */
		A7C8B68E2267E381002EC9A1 /* GooglePlacesARBasedApp */ = {
			isa = PBXNativeTarget;
			buildConfigurationList = A7C8B6A12267E382002EC9A1 /* Build configuration list for PBXNativeTarget "GooglePlacesARBasedApp" */;
			buildPhases = (
				11AF12593671FB31CF8CFDA9 /* [CP] Check Pods Manifest.lock */,
				A7C8B68B2267E381002EC9A1 /* Sources */,
				A7C8B68C2267E381002EC9A1 /* Frameworks */,
				A7C8B68D2267E381002EC9A1 /* Resources */,
			);
			buildRules = (
			);
			dependencies = (
			);
			name = GooglePlacesARBasedApp;
			productName = GooglePlacesARBasedApp;
			productReference = A7C8B68F2267E381002EC9A1 /* GooglePlacesARBasedApp.app */;
			productType = "com.apple.product-type.application";
		};
/* End PBXNativeTarget section */

/* Begin PBXProject section */
		A7C8B6872267E381002EC9A1 /* Project object */ = {
			isa = PBXProject;
			attributes = {
				LastSwiftUpdateCheck = 1020;
				LastUpgradeCheck = 1020;
				ORGANIZATIONNAME = "Erkut Baş";
				TargetAttributes = {
					A7C8B68E2267E381002EC9A1 = {
						CreatedOnToolsVersion = 10.2.1;
						SystemCapabilities = {
							com.apple.BackgroundModes = {
								enabled = 1;
							};
						};
					};
				};
			};
			buildConfigurationList = A7C8B68A2267E381002EC9A1 /* Build configuration list for PBXProject "GooglePlacesARBasedApp" */;
			compatibilityVersion = "Xcode 9.3";
			developmentRegion = en;
			hasScannedForEncodings = 0;
			knownRegions = (
				en,
				Base,
				tr,
			);
			mainGroup = A7C8B6862267E381002EC9A1;
			productRefGroup = A7C8B6902267E381002EC9A1 /* Products */;
			projectDirPath = "";
			projectRoot = "";
			targets = (
				A7C8B68E2267E381002EC9A1 /* GooglePlacesARBasedApp */,
			);
		};
/* End PBXProject section */

/* Begin PBXResourcesBuildPhase section */
		A7C8B68D2267E381002EC9A1 /* Resources */ = {
			isa = PBXResourcesBuildPhase;
			buildActionMask = 2147483647;
			files = (
				A757C106226E5CE5006C9DCD /* camera.jpg in Resources */,
				A757C108226E5CE5006C9DCD /* ny_empire_state.jpg in Resources */,
				A757C116226F1E68006C9DCD /* tick.png in Resources */,
				A7A785B2226DF2B8006E8A1D /* Localizable.strings in Resources */,
				A757C114226F1CAD006C9DCD /* camera_ar.png in Resources */,
				A7C8B69D2267E382002EC9A1 /* LaunchScreen.storyboard in Resources */,
				A757C113226F1CAD006C9DCD /* placeholder_location.png in Resources */,
				A757C118226F1ED6006C9DCD /* corss_ar.png in Resources */,
				A757C107226E5CE5006C9DCD /* location.jpg in Resources */,
				A7C8B69A2267E382002EC9A1 /* Assets.xcassets in Resources */,
				A7C8B6AE2267E73E002EC9A1 /* train_station.jpg in Resources */,
				A757C110226F1920006C9DCD /* ny_empire_state_alone_blurred.jpg in Resources */,
			);
			runOnlyForDeploymentPostprocessing = 0;
		};
/* End PBXResourcesBuildPhase section */

/* Begin PBXShellScriptBuildPhase section */
		11AF12593671FB31CF8CFDA9 /* [CP] Check Pods Manifest.lock */ = {
			isa = PBXShellScriptBuildPhase;
			buildActionMask = 2147483647;
			files = (
			);
			inputPaths = (
				"${PODS_PODFILE_DIR_PATH}/Podfile.lock",
				"${PODS_ROOT}/Manifest.lock",
			);
			name = "[CP] Check Pods Manifest.lock";
			outputPaths = (
				"$(DERIVED_FILE_DIR)/Pods-GooglePlacesARBasedApp-checkManifestLockResult.txt",
			);
			runOnlyForDeploymentPostprocessing = 0;
			shellPath = /bin/sh;
			shellScript = "diff \"${PODS_PODFILE_DIR_PATH}/Podfile.lock\" \"${PODS_ROOT}/Manifest.lock\" > /dev/null\nif [ $? != 0 ] ; then\n    # print error to STDERR\n    echo \"error: The sandbox is not in sync with the Podfile.lock. Run 'pod install' or update your CocoaPods installation.\" >&2\n    exit 1\nfi\n# This output is used by Xcode 'outputs' to avoid re-running this script phase.\necho \"SUCCESS\" > \"${SCRIPT_OUTPUT_FILE_0}\"\n";
			showEnvVarsInLog = 0;
		};
/* End PBXShellScriptBuildPhase section */

/* Begin PBXSourcesBuildPhase section */
		A7C8B68B2267E381002EC9A1 /* Sources */ = {
			isa = PBXSourcesBuildPhase;
			buildActionMask = 2147483647;
			files = (
				A7C8B6B72267F509002EC9A1 /* Dynamic.swift in Sources */,
				A757C10C226E8BF5006C9DCD /* LocalizedConstants.swift in Sources */,
				A7A785AC226DC954006E8A1D /* MapView.swift in Sources */,
				A757EA6122720C5000B93A61 /* GoogleApiManager.swift in Sources */,
				A7B4AA3222689FF8007FDE46 /* PermissionManager.swift in Sources */,
				A7B6875A226C520500FF3C21 /* CloudFunctionsManager.swift in Sources */,
				A7DAA1642271B13C006DD8FC /* Constants.swift in Sources */,
				A757C10E226E9E72006C9DCD /* PermissionButtonView.swift in Sources */,
				A7B4AA3B2268EE5E007FDE46 /* LocationManager.swift in Sources */,
				A757C11B226F2989006C9DCD /* Enums.swift in Sources */,
				A7B6875D226C524A00FF3C21 /* PlaceCategory.swift in Sources */,
				A7C8B6932267E381002EC9A1 /* AppDelegate.swift in Sources */,
				A757C11F226F3FA6006C9DCD /* TestViewController.swift in Sources */,
				A7B68767226DB4BD00FF3C21 /* MapViewController.swift in Sources */,
				A757EA6422720CE900B93A61 /* PredictionResult.swift in Sources */,
				A7A785AE226DD112006E8A1D /* MapViewModel.swift in Sources */,
				A757C100226E39CE006C9DCD /* PermissionViewController.swift in Sources */,
			);
			runOnlyForDeploymentPostprocessing = 0;
		};
/* End PBXSourcesBuildPhase section */

/* Begin PBXVariantGroup section */
		A7A785B4226DF2B8006E8A1D /* Localizable.strings */ = {
			isa = PBXVariantGroup;
			children = (
				A7A785B3226DF2B8006E8A1D /* en */,
				A7A785B6226DF2D8006E8A1D /* tr */,
			);
			name = Localizable.strings;
			sourceTree = "<group>";
		};
		A7C8B69B2267E382002EC9A1 /* LaunchScreen.storyboard */ = {
			isa = PBXVariantGroup;
			children = (
				A7C8B69C2267E382002EC9A1 /* Base */,
				A7A785B5226DF2D7006E8A1D /* tr */,
			);
			name = LaunchScreen.storyboard;
			sourceTree = "<group>";
		};
/* End PBXVariantGroup section */

/* Begin XCBuildConfiguration section */
		A7C8B69F2267E382002EC9A1 /* Debug */ = {
			isa = XCBuildConfiguration;
			buildSettings = {
				ALWAYS_SEARCH_USER_PATHS = NO;
				CLANG_ANALYZER_LOCALIZABILITY_NONLOCALIZED = YES;
				CLANG_ANALYZER_NONNULL = YES;
				CLANG_ANALYZER_NUMBER_OBJECT_CONVERSION = YES_AGGRESSIVE;
				CLANG_CXX_LANGUAGE_STANDARD = "gnu++14";
				CLANG_CXX_LIBRARY = "libc++";
				CLANG_ENABLE_MODULES = YES;
				CLANG_ENABLE_OBJC_ARC = YES;
				CLANG_ENABLE_OBJC_WEAK = YES;
				CLANG_WARN_BLOCK_CAPTURE_AUTORELEASING = YES;
				CLANG_WARN_BOOL_CONVERSION = YES;
				CLANG_WARN_COMMA = YES;
				CLANG_WARN_CONSTANT_CONVERSION = YES;
				CLANG_WARN_DEPRECATED_OBJC_IMPLEMENTATIONS = YES;
				CLANG_WARN_DIRECT_OBJC_ISA_USAGE = YES_ERROR;
				CLANG_WARN_DOCUMENTATION_COMMENTS = YES;
				CLANG_WARN_EMPTY_BODY = YES;
				CLANG_WARN_ENUM_CONVERSION = YES;
				CLANG_WARN_INFINITE_RECURSION = YES;
				CLANG_WARN_INT_CONVERSION = YES;
				CLANG_WARN_NON_LITERAL_NULL_CONVERSION = YES;
				CLANG_WARN_OBJC_IMPLICIT_RETAIN_SELF = YES;
				CLANG_WARN_OBJC_LITERAL_CONVERSION = YES;
				CLANG_WARN_OBJC_ROOT_CLASS = YES_ERROR;
				CLANG_WARN_RANGE_LOOP_ANALYSIS = YES;
				CLANG_WARN_STRICT_PROTOTYPES = YES;
				CLANG_WARN_SUSPICIOUS_MOVE = YES;
				CLANG_WARN_UNGUARDED_AVAILABILITY = YES_AGGRESSIVE;
				CLANG_WARN_UNREACHABLE_CODE = YES;
				CLANG_WARN__DUPLICATE_METHOD_MATCH = YES;
				CODE_SIGN_IDENTITY = "iPhone Developer";
				COPY_PHASE_STRIP = NO;
				DEBUG_INFORMATION_FORMAT = dwarf;
				ENABLE_STRICT_OBJC_MSGSEND = YES;
				ENABLE_TESTABILITY = YES;
				GCC_C_LANGUAGE_STANDARD = gnu11;
				GCC_DYNAMIC_NO_PIC = NO;
				GCC_NO_COMMON_BLOCKS = YES;
				GCC_OPTIMIZATION_LEVEL = 0;
				GCC_PREPROCESSOR_DEFINITIONS = (
					"DEBUG=1",
					"$(inherited)",
				);
				GCC_WARN_64_TO_32_BIT_CONVERSION = YES;
				GCC_WARN_ABOUT_RETURN_TYPE = YES_ERROR;
				GCC_WARN_UNDECLARED_SELECTOR = YES;
				GCC_WARN_UNINITIALIZED_AUTOS = YES_AGGRESSIVE;
				GCC_WARN_UNUSED_FUNCTION = YES;
				GCC_WARN_UNUSED_VARIABLE = YES;
				IPHONEOS_DEPLOYMENT_TARGET = 12.2;
				MTL_ENABLE_DEBUG_INFO = INCLUDE_SOURCE;
				MTL_FAST_MATH = YES;
				ONLY_ACTIVE_ARCH = YES;
				SDKROOT = iphoneos;
				SWIFT_ACTIVE_COMPILATION_CONDITIONS = DEBUG;
				SWIFT_OPTIMIZATION_LEVEL = "-Onone";
			};
			name = Debug;
		};
		A7C8B6A02267E382002EC9A1 /* Release */ = {
			isa = XCBuildConfiguration;
			buildSettings = {
				ALWAYS_SEARCH_USER_PATHS = NO;
				CLANG_ANALYZER_LOCALIZABILITY_NONLOCALIZED = YES;
				CLANG_ANALYZER_NONNULL = YES;
				CLANG_ANALYZER_NUMBER_OBJECT_CONVERSION = YES_AGGRESSIVE;
				CLANG_CXX_LANGUAGE_STANDARD = "gnu++14";
				CLANG_CXX_LIBRARY = "libc++";
				CLANG_ENABLE_MODULES = YES;
				CLANG_ENABLE_OBJC_ARC = YES;
				CLANG_ENABLE_OBJC_WEAK = YES;
				CLANG_WARN_BLOCK_CAPTURE_AUTORELEASING = YES;
				CLANG_WARN_BOOL_CONVERSION = YES;
				CLANG_WARN_COMMA = YES;
				CLANG_WARN_CONSTANT_CONVERSION = YES;
				CLANG_WARN_DEPRECATED_OBJC_IMPLEMENTATIONS = YES;
				CLANG_WARN_DIRECT_OBJC_ISA_USAGE = YES_ERROR;
				CLANG_WARN_DOCUMENTATION_COMMENTS = YES;
				CLANG_WARN_EMPTY_BODY = YES;
				CLANG_WARN_ENUM_CONVERSION = YES;
				CLANG_WARN_INFINITE_RECURSION = YES;
				CLANG_WARN_INT_CONVERSION = YES;
				CLANG_WARN_NON_LITERAL_NULL_CONVERSION = YES;
				CLANG_WARN_OBJC_IMPLICIT_RETAIN_SELF = YES;
				CLANG_WARN_OBJC_LITERAL_CONVERSION = YES;
				CLANG_WARN_OBJC_ROOT_CLASS = YES_ERROR;
				CLANG_WARN_RANGE_LOOP_ANALYSIS = YES;
				CLANG_WARN_STRICT_PROTOTYPES = YES;
				CLANG_WARN_SUSPICIOUS_MOVE = YES;
				CLANG_WARN_UNGUARDED_AVAILABILITY = YES_AGGRESSIVE;
				CLANG_WARN_UNREACHABLE_CODE = YES;
				CLANG_WARN__DUPLICATE_METHOD_MATCH = YES;
				CODE_SIGN_IDENTITY = "iPhone Developer";
				COPY_PHASE_STRIP = NO;
				DEBUG_INFORMATION_FORMAT = "dwarf-with-dsym";
				ENABLE_NS_ASSERTIONS = NO;
				ENABLE_STRICT_OBJC_MSGSEND = YES;
				GCC_C_LANGUAGE_STANDARD = gnu11;
				GCC_NO_COMMON_BLOCKS = YES;
				GCC_WARN_64_TO_32_BIT_CONVERSION = YES;
				GCC_WARN_ABOUT_RETURN_TYPE = YES_ERROR;
				GCC_WARN_UNDECLARED_SELECTOR = YES;
				GCC_WARN_UNINITIALIZED_AUTOS = YES_AGGRESSIVE;
				GCC_WARN_UNUSED_FUNCTION = YES;
				GCC_WARN_UNUSED_VARIABLE = YES;
				IPHONEOS_DEPLOYMENT_TARGET = 12.2;
				MTL_ENABLE_DEBUG_INFO = NO;
				MTL_FAST_MATH = YES;
				SDKROOT = iphoneos;
				SWIFT_COMPILATION_MODE = wholemodule;
				SWIFT_OPTIMIZATION_LEVEL = "-O";
				VALIDATE_PRODUCT = YES;
			};
			name = Release;
		};
		A7C8B6A22267E382002EC9A1 /* Debug */ = {
			isa = XCBuildConfiguration;
			baseConfigurationReference = D3D646E0B07EB060E3737624 /* Pods-GooglePlacesARBasedApp.debug.xcconfig */;
			buildSettings = {
				ASSETCATALOG_COMPILER_APPICON_NAME = AppIcon;
				CODE_SIGN_STYLE = Automatic;
				DEVELOPMENT_TEAM = ZVL2SV8VV7;
				INFOPLIST_FILE = GooglePlacesARBasedApp/Info.plist;
				IPHONEOS_DEPLOYMENT_TARGET = 11.4;
				LD_RUNPATH_SEARCH_PATHS = (
					"$(inherited)",
					"@executable_path/Frameworks",
				);
				PRODUCT_BUNDLE_IDENTIFIER = com.erkutbas.googleplacesarbasedapp;
				PRODUCT_NAME = "$(TARGET_NAME)";
				SWIFT_VERSION = 5.0;
				TARGETED_DEVICE_FAMILY = "1,2";
			};
			name = Debug;
		};
		A7C8B6A32267E382002EC9A1 /* Release */ = {
			isa = XCBuildConfiguration;
			baseConfigurationReference = D7702B1F5E144B046A18CA02 /* Pods-GooglePlacesARBasedApp.release.xcconfig */;
			buildSettings = {
				ASSETCATALOG_COMPILER_APPICON_NAME = AppIcon;
				CODE_SIGN_STYLE = Automatic;
				DEVELOPMENT_TEAM = ZVL2SV8VV7;
				INFOPLIST_FILE = GooglePlacesARBasedApp/Info.plist;
				IPHONEOS_DEPLOYMENT_TARGET = 11.4;
				LD_RUNPATH_SEARCH_PATHS = (
					"$(inherited)",
					"@executable_path/Frameworks",
				);
				PRODUCT_BUNDLE_IDENTIFIER = com.erkutbas.googleplacesarbasedapp;
				PRODUCT_NAME = "$(TARGET_NAME)";
				SWIFT_VERSION = 5.0;
				TARGETED_DEVICE_FAMILY = "1,2";
			};
			name = Release;
		};
/* End XCBuildConfiguration section */

/* Begin XCConfigurationList section */
		A7C8B68A2267E381002EC9A1 /* Build configuration list for PBXProject "GooglePlacesARBasedApp" */ = {
			isa = XCConfigurationList;
			buildConfigurations = (
				A7C8B69F2267E382002EC9A1 /* Debug */,
				A7C8B6A02267E382002EC9A1 /* Release */,
			);
			defaultConfigurationIsVisible = 0;
			defaultConfigurationName = Release;
		};
		A7C8B6A12267E382002EC9A1 /* Build configuration list for PBXNativeTarget "GooglePlacesARBasedApp" */ = {
			isa = XCConfigurationList;
			buildConfigurations = (
				A7C8B6A22267E382002EC9A1 /* Debug */,
				A7C8B6A32267E382002EC9A1 /* Release */,
			);
			defaultConfigurationIsVisible = 0;
			defaultConfigurationName = Release;
		};
/* End XCConfigurationList section */
	};
	rootObject = A7C8B6872267E381002EC9A1 /* Project object */;
}
